// !$*UTF8*$!
{
	archiveVersion = 1;
	classes = {
	};
	objectVersion = 55;
	objects = {

/* Begin PBXBuildFile section */
		84FF409128D193CF00C9D82F /* AppDelegate.swift in Sources */ = {isa = PBXBuildFile; fileRef = 84FF409028D193CF00C9D82F /* AppDelegate.swift */; };
		84FF409328D193CF00C9D82F /* SceneDelegate.swift in Sources */ = {isa = PBXBuildFile; fileRef = 84FF409228D193CF00C9D82F /* SceneDelegate.swift */; };
		84FF409528D193CF00C9D82F /* ViewController.swift in Sources */ = {isa = PBXBuildFile; fileRef = 84FF409428D193CF00C9D82F /* ViewController.swift */; };
		84FF409828D193CF00C9D82F /* Main.storyboard in Resources */ = {isa = PBXBuildFile; fileRef = 84FF409628D193CF00C9D82F /* Main.storyboard */; };
		84FF409A28D193D300C9D82F /* Assets.xcassets in Resources */ = {isa = PBXBuildFile; fileRef = 84FF409928D193D300C9D82F /* Assets.xcassets */; };
		84FF409D28D193D300C9D82F /* LaunchScreen.storyboard in Resources */ = {isa = PBXBuildFile; fileRef = 84FF409B28D193D300C9D82F /* LaunchScreen.storyboard */; };
		84FF40A528D197CB00C9D82F /* SimpleCellVC.swift in Sources */ = {isa = PBXBuildFile; fileRef = 84FF40A428D197CB00C9D82F /* SimpleCellVC.swift */; };
		84FF40A728D1A0A000C9D82F /* UiUtilities.swift in Sources */ = {isa = PBXBuildFile; fileRef = 84FF40A628D1A0A000C9D82F /* UiUtilities.swift */; };
		84FF40A928D1B4BE00C9D82F /* CustomTableVC.swift in Sources */ = {isa = PBXBuildFile; fileRef = 84FF40A828D1B4BE00C9D82F /* CustomTableVC.swift */; };
		84FF40AB28D1B8D500C9D82F /* EmployeeCell.swift in Sources */ = {isa = PBXBuildFile; fileRef = 84FF40AA28D1B8D500C9D82F /* EmployeeCell.swift */; };
		84FF40AD28D1D36600C9D82F /* EmployeeDetailsVC.swift in Sources */ = {isa = PBXBuildFile; fileRef = 84FF40AC28D1D36600C9D82F /* EmployeeDetailsVC.swift */; };
/* End PBXBuildFile section */

/* Begin PBXFileReference section */
		84FF408D28D193CF00C9D82F /* TableViewDemo.app */ = {isa = PBXFileReference; explicitFileType = wrapper.application; includeInIndex = 0; path = TableViewDemo.app; sourceTree = BUILT_PRODUCTS_DIR; };
		84FF409028D193CF00C9D82F /* AppDelegate.swift */ = {isa = PBXFileReference; lastKnownFileType = sourcecode.swift; path = AppDelegate.swift; sourceTree = "<group>"; };
		84FF409228D193CF00C9D82F /* SceneDelegate.swift */ = {isa = PBXFileReference; lastKnownFileType = sourcecode.swift; path = SceneDelegate.swift; sourceTree = "<group>"; };
		84FF409428D193CF00C9D82F /* ViewController.swift */ = {isa = PBXFileReference; lastKnownFileType = sourcecode.swift; path = ViewController.swift; sourceTree = "<group>"; };
		84FF409728D193CF00C9D82F /* Base */ = {isa = PBXFileReference; lastKnownFileType = file.storyboard; name = Base; path = Base.lproj/Main.storyboard; sourceTree = "<group>"; };
		84FF409928D193D300C9D82F /* Assets.xcassets */ = {isa = PBXFileReference; lastKnownFileType = folder.assetcatalog; path = Assets.xcassets; sourceTree = "<group>"; };
		84FF409C28D193D300C9D82F /* Base */ = {isa = PBXFileReference; lastKnownFileType = file.storyboard; name = Base; path = Base.lproj/LaunchScreen.storyboard; sourceTree = "<group>"; };
		84FF409E28D193D300C9D82F /* Info.plist */ = {isa = PBXFileReference; lastKnownFileType = text.plist.xml; path = Info.plist; sourceTree = "<group>"; };
		84FF40A428D197CB00C9D82F /* SimpleCellVC.swift */ = {isa = PBXFileReference; lastKnownFileType = sourcecode.swift; path = SimpleCellVC.swift; sourceTree = "<group>"; };
		84FF40A628D1A0A000C9D82F /* UiUtilities.swift */ = {isa = PBXFileReference; lastKnownFileType = sourcecode.swift; path = UiUtilities.swift; sourceTree = "<group>"; };
		84FF40A828D1B4BE00C9D82F /* CustomTableVC.swift */ = {isa = PBXFileReference; lastKnownFileType = sourcecode.swift; path = CustomTableVC.swift; sourceTree = "<group>"; };
		84FF40AA28D1B8D500C9D82F /* EmployeeCell.swift */ = {isa = PBXFileReference; lastKnownFileType = sourcecode.swift; path = EmployeeCell.swift; sourceTree = "<group>"; };
		84FF40AC28D1D36600C9D82F /* EmployeeDetailsVC.swift */ = {isa = PBXFileReference; lastKnownFileType = sourcecode.swift; path = EmployeeDetailsVC.swift; sourceTree = "<group>"; };
/* End PBXFileReference section */

/* Begin PBXFrameworksBuildPhase section */
		84FF408A28D193CF00C9D82F /* Frameworks */ = {
			isa = PBXFrameworksBuildPhase;
			buildActionMask = 2147483647;
			files = (
			);
			runOnlyForDeploymentPostprocessing = 0;
		};
/* End PBXFrameworksBuildPhase section */

/* Begin PBXGroup section */
		84FF408428D193CF00C9D82F = {
			isa = PBXGroup;
			children = (
				84FF408F28D193CF00C9D82F /* TableViewDemo */,
				84FF408E28D193CF00C9D82F /* Products */,
			);
			sourceTree = "<group>";
		};
		84FF408E28D193CF00C9D82F /* Products */ = {
			isa = PBXGroup;
			children = (
				84FF408D28D193CF00C9D82F /* TableViewDemo.app */,
			);
			name = Products;
			sourceTree = "<group>";
		};
		84FF408F28D193CF00C9D82F /* TableViewDemo */ = {
			isa = PBXGroup;
			children = (
				84FF409028D193CF00C9D82F /* AppDelegate.swift */,
				84FF409228D193CF00C9D82F /* SceneDelegate.swift */,
				84FF409428D193CF00C9D82F /* ViewController.swift */,
				84FF409628D193CF00C9D82F /* Main.storyboard */,
				84FF409928D193D300C9D82F /* Assets.xcassets */,
				84FF409B28D193D300C9D82F /* LaunchScreen.storyboard */,
				84FF409E28D193D300C9D82F /* Info.plist */,
				84FF40A428D197CB00C9D82F /* SimpleCellVC.swift */,
				84FF40A828D1B4BE00C9D82F /* CustomTableVC.swift */,
				84FF40A628D1A0A000C9D82F /* UiUtilities.swift */,
				84FF40AA28D1B8D500C9D82F /* EmployeeCell.swift */,
				84FF40AC28D1D36600C9D82F /* EmployeeDetailsVC.swift */,
			);
			path = TableViewDemo;
			sourceTree = "<group>";
		};
/* End PBXGroup section */

/* Begin PBXNativeTarget section */
		84FF408C28D193CF00C9D82F /* TableViewDemo */ = {
			isa = PBXNativeTarget;
			buildConfigurationList = 84FF40A128D193D300C9D82F /* Build configuration list for PBXNativeTarget "TableViewDemo" */;
			buildPhases = (
				84FF408928D193CF00C9D82F /* Sources */,
				84FF408A28D193CF00C9D82F /* Frameworks */,
				84FF408B28D193CF00C9D82F /* Resources */,
			);
			buildRules = (
			);
			dependencies = (
			);
			name = TableViewDemo;
			productName = TableViewDemo;
			productReference = 84FF408D28D193CF00C9D82F /* TableViewDemo.app */;
			productType = "com.apple.product-type.application";
		};
/* End PBXNativeTarget section */

/* Begin PBXProject section */
		84FF408528D193CF00C9D82F /* Project object */ = {
			isa = PBXProject;
			attributes = {
				BuildIndependentTargetsInParallel = 1;
				LastSwiftUpdateCheck = 1340;
				LastUpgradeCheck = 1340;
				TargetAttributes = {
					84FF408C28D193CF00C9D82F = {
						CreatedOnToolsVersion = 13.4.1;
					};
				};
			};
			buildConfigurationList = 84FF408828D193CF00C9D82F /* Build configuration list for PBXProject "TableViewDemo" */;
			compatibilityVersion = "Xcode 13.0";
			developmentRegion = en;
			hasScannedForEncodings = 0;
			knownRegions = (
				en,
				Base,
			);
			mainGroup = 84FF408428D193CF00C9D82F;
			productRefGroup = 84FF408E28D193CF00C9D82F /* Products */;
			projectDirPath = "";
			projectRoot = "";
			targets = (
				84FF408C28D193CF00C9D82F /* TableViewDemo */,
			);
		};
/* End PBXProject section */

/* Begin PBXResourcesBuildPhase section */
		84FF408B28D193CF00C9D82F /* Resources */ = {
			isa = PBXResourcesBuildPhase;
			buildActionMask = 2147483647;
			files = (
				84FF409D28D193D300C9D82F /* LaunchScreen.storyboard in Resources */,
				84FF409A28D193D300C9D82F /* Assets.xcassets in Resources */,
				84FF409828D193CF00C9D82F /* Main.storyboard in Resources */,
			);
			runOnlyForDeploymentPostprocessing = 0;
		};
/* End PBXResourcesBuildPhase section */

/* Begin PBXSourcesBuildPhase section */
		84FF408928D193CF00C9D82F /* Sources */ = {
			isa = PBXSourcesBuildPhase;
			buildActionMask = 2147483647;
			files = (
				84FF40A528D197CB00C9D82F /* SimpleCellVC.swift in Sources */,
				84FF40AD28D1D36600C9D82F /* EmployeeDetailsVC.swift in Sources */,
				84FF409528D193CF00C9D82F /* ViewController.swift in Sources */,
				84FF40AB28D1B8D500C9D82F /* EmployeeCell.swift in Sources */,
				84FF409128D193CF00C9D82F /* AppDelegate.swift in Sources */,
				84FF409328D193CF00C9D82F /* SceneDelegate.swift in Sources */,
				84FF40A928D1B4BE00C9D82F /* CustomTableVC.swift in Sources */,
				84FF40A728D1A0A000C9D82F /* UiUtilities.swift in Sources */,
			);
			runOnlyForDeploymentPostprocessing = 0;
		};
/* End PBXSourcesBuildPhase section */

/* Begin PBXVariantGroup section */
		84FF409628D193CF00C9D82F /* Main.storyboard */ = {
			isa = PBXVariantGroup;
			children = (
				84FF409728D193CF00C9D82F /* Base */,
			);
			name = Main.storyboard;
			sourceTree = "<group>";
		};
		84FF409B28D193D300C9D82F /* LaunchScreen.storyboard */ = {
			isa = PBXVariantGroup;
			children = (
				84FF409C28D193D300C9D82F /* Base */,
			);
			name = LaunchScreen.storyboard;
			sourceTree = "<group>";
		};
/* End PBXVariantGroup section */

/* Begin XCBuildConfiguration section */
		84FF409F28D193D300C9D82F /* Debug */ = {
			isa = XCBuildConfiguration;
			buildSettings = {
				ALWAYS_SEARCH_USER_PATHS = NO;
				CLANG_ANALYZER_NONNULL = YES;
				CLANG_ANALYZER_NUMBER_OBJECT_CONVERSION = YES_AGGRESSIVE;
				CLANG_CXX_LANGUAGE_STANDARD = "gnu++17";
				CLANG_ENABLE_MODULES = YES;
				CLANG_ENABLE_OBJC_ARC = YES;
				CLANG_ENABLE_OBJC_WEAK = YES;
				CLANG_WARN_BLOCK_CAPTURE_AUTORELEASING = YES;
				CLANG_WARN_BOOL_CONVERSION = YES;
				CLANG_WARN_COMMA = YES;
				CLANG_WARN_CONSTANT_CONVERSION = YES;
				CLANG_WARN_DEPRECATED_OBJC_IMPLEMENTATIONS = YES;
				CLANG_WARN_DIRECT_OBJC_ISA_USAGE = YES_ERROR;
				CLANG_WARN_DOCUMENTATION_COMMENTS = YES;
				CLANG_WARN_EMPTY_BODY = YES;
				CLANG_WARN_ENUM_CONVERSION = YES;
				CLANG_WARN_INFINITE_RECURSION = YES;
				CLANG_WARN_INT_CONVERSION = YES;
				CLANG_WARN_NON_LITERAL_NULL_CONVERSION = YES;
				CLANG_WARN_OBJC_IMPLICIT_RETAIN_SELF = YES;
				CLANG_WARN_OBJC_LITERAL_CONVERSION = YES;
				CLANG_WARN_OBJC_ROOT_CLASS = YES_ERROR;
				CLANG_WARN_QUOTED_INCLUDE_IN_FRAMEWORK_HEADER = YES;
				CLANG_WARN_RANGE_LOOP_ANALYSIS = YES;
				CLANG_WARN_STRICT_PROTOTYPES = YES;
				CLANG_WARN_SUSPICIOUS_MOVE = YES;
				CLANG_WARN_UNGUARDED_AVAILABILITY = YES_AGGRESSIVE;
				CLANG_WARN_UNREACHABLE_CODE = YES;
				CLANG_WARN__DUPLICATE_METHOD_MATCH = YES;
				COPY_PHASE_STRIP = NO;
				DEBUG_INFORMATION_FORMAT = dwarf;
				ENABLE_STRICT_OBJC_MSGSEND = YES;
				ENABLE_TESTABILITY = YES;
				GCC_C_LANGUAGE_STANDARD = gnu11;
				GCC_DYNAMIC_NO_PIC = NO;
				GCC_NO_COMMON_BLOCKS = YES;
				GCC_OPTIMIZATION_LEVEL = 0;
				GCC_PREPROCESSOR_DEFINITIONS = (
					"DEBUG=1",
					"$(inherited)",
				);
				GCC_WARN_64_TO_32_BIT_CONVERSION = YES;
				GCC_WARN_ABOUT_RETURN_TYPE = YES_ERROR;
				GCC_WARN_UNDECLARED_SELECTOR = YES;
				GCC_WARN_UNINITIALIZED_AUTOS = YES_AGGRESSIVE;
				GCC_WARN_UNUSED_FUNCTION = YES;
				GCC_WARN_UNUSED_VARIABLE = YES;
				IPHONEOS_DEPLOYMENT_TARGET = 15.5;
				MTL_ENABLE_DEBUG_INFO = INCLUDE_SOURCE;
				MTL_FAST_MATH = YES;
				ONLY_ACTIVE_ARCH = YES;
				SDKROOT = iphoneos;
				SWIFT_ACTIVE_COMPILATION_CONDITIONS = DEBUG;
				SWIFT_OPTIMIZATION_LEVEL = "-Onone";
			};
			name = Debug;
		};
		84FF40A028D193D300C9D82F /* Release */ = {
			isa = XCBuildConfiguration;
			buildSettings = {
				ALWAYS_SEARCH_USER_PATHS = NO;
				CLANG_ANALYZER_NONNULL = YES;
				CLANG_ANALYZER_NUMBER_OBJECT_CONVERSION = YES_AGGRESSIVE;
				CLANG_CXX_LANGUAGE_STANDARD = "gnu++17";
				CLANG_ENABLE_MODULES = YES;
				CLANG_ENABLE_OBJC_ARC = YES;
				CLANG_ENABLE_OBJC_WEAK = YES;
				CLANG_WARN_BLOCK_CAPTURE_AUTORELEASING = YES;
				CLANG_WARN_BOOL_CONVERSION = YES;
				CLANG_WARN_COMMA = YES;
				CLANG_WARN_CONSTANT_CONVERSION = YES;
				CLANG_WARN_DEPRECATED_OBJC_IMPLEMENTATIONS = YES;
				CLANG_WARN_DIRECT_OBJC_ISA_USAGE = YES_ERROR;
				CLANG_WARN_DOCUMENTATION_COMMENTS = YES;
				CLANG_WARN_EMPTY_BODY = YES;
				CLANG_WARN_ENUM_CONVERSION = YES;
				CLANG_WARN_INFINITE_RECURSION = YES;
				CLANG_WARN_INT_CONVERSION = YES;
				CLANG_WARN_NON_LITERAL_NULL_CONVERSION = YES;
				CLANG_WARN_OBJC_IMPLICIT_RETAIN_SELF = YES;
				CLANG_WARN_OBJC_LITERAL_CONVERSION = YES;
				CLANG_WARN_OBJC_ROOT_CLASS = YES_ERROR;
				CLANG_WARN_QUOTED_INCLUDE_IN_FRAMEWORK_HEADER = YES;
				CLANG_WARN_RANGE_LOOP_ANALYSIS = YES;
				CLANG_WARN_STRICT_PROTOTYPES = YES;
				CLANG_WARN_SUSPICIOUS_MOVE = YES;
				CLANG_WARN_UNGUARDED_AVAILABILITY = YES_AGGRESSIVE;
				CLANG_WARN_UNREACHABLE_CODE = YES;
				CLANG_WARN__DUPLICATE_METHOD_MATCH = YES;
				COPY_PHASE_STRIP = NO;
				DEBUG_INFORMATION_FORMAT = "dwarf-with-dsym";
				ENABLE_NS_ASSERTIONS = NO;
				ENABLE_STRICT_OBJC_MSGSEND = YES;
				GCC_C_LANGUAGE_STANDARD = gnu11;
				GCC_NO_COMMON_BLOCKS = YES;
				GCC_WARN_64_TO_32_BIT_CONVERSION = YES;
				GCC_WARN_ABOUT_RETURN_TYPE = YES_ERROR;
				GCC_WARN_UNDECLARED_SELECTOR = YES;
				GCC_WARN_UNINITIALIZED_AUTOS = YES_AGGRESSIVE;
				GCC_WARN_UNUSED_FUNCTION = YES;
				GCC_WARN_UNUSED_VARIABLE = YES;
				IPHONEOS_DEPLOYMENT_TARGET = 15.5;
				MTL_ENABLE_DEBUG_INFO = NO;
				MTL_FAST_MATH = YES;
				SDKROOT = iphoneos;
				SWIFT_COMPILATION_MODE = wholemodule;
				SWIFT_OPTIMIZATION_LEVEL = "-O";
				VALIDATE_PRODUCT = YES;
			};
			name = Release;
		};
		84FF40A228D193D300C9D82F /* Debug */ = {
			isa = XCBuildConfiguration;
			buildSettings = {
				ASSETCATALOG_COMPILER_APPICON_NAME = AppIcon;
				ASSETCATALOG_COMPILER_GLOBAL_ACCENT_COLOR_NAME = AccentColor;
				CODE_SIGN_STYLE = Automatic;
				CURRENT_PROJECT_VERSION = 1;
				GENERATE_INFOPLIST_FILE = YES;
				INFOPLIST_FILE = TableViewDemo/Info.plist;
				INFOPLIST_KEY_UIApplicationSupportsIndirectInputEvents = YES;
				INFOPLIST_KEY_UILaunchStoryboardName = LaunchScreen;
				INFOPLIST_KEY_UIMainStoryboardFile = Main;
				INFOPLIST_KEY_UISupportedInterfaceOrientations_iPad = "UIInterfaceOrientationPortrait UIInterfaceOrientationPortraitUpsideDown UIInterfaceOrientationLandscapeLeft UIInterfaceOrientationLandscapeRight";
				INFOPLIST_KEY_UISupportedInterfaceOrientations_iPhone = "UIInterfaceOrientationPortrait UIInterfaceOrientationLandscapeLeft UIInterfaceOrientationLandscapeRight";
				IPHONEOS_DEPLOYMENT_TARGET = 14.0;
				LD_RUNPATH_SEARCH_PATHS = (
					"$(inherited)",
					"@executable_path/Frameworks",
				);
				MARKETING_VERSION = 1.0;
				PRODUCT_BUNDLE_IDENTIFIER = com.synchronoss.TableViewDemo;
				PRODUCT_NAME = "$(TARGET_NAME)";
				SWIFT_EMIT_LOC_STRINGS = YES;
				SWIFT_VERSION = 5.0;
				TARGETED_DEVICE_FAMILY = "1,2";
			};
			name = Debug;
		};
		84FF40A328D193D300C9D82F /* Release */ = {
			isa = XCBuildConfiguration;
			buildSettings = {
				ASSETCATALOG_COMPILER_APPICON_NAME = AppIcon;
				ASSETCATALOG_COMPILER_GLOBAL_ACCENT_COLOR_NAME = AccentColor;
				CODE_SIGN_STYLE = Automatic;
				CURRENT_PROJECT_VERSION = 1;
				GENERATE_INFOPLIST_FILE = YES;
				INFOPLIST_FILE = TableViewDemo/Info.plist;
				INFOPLIST_KEY_UIApplicationSupportsIndirectInputEvents = YES;
				INFOPLIST_KEY_UILaunchStoryboardName = LaunchScreen;
				INFOPLIST_KEY_UIMainStoryboardFile = Main;
				INFOPLIST_KEY_UISupportedInterfaceOrientations_iPad = "UIInterfaceOrientationPortrait UIInterfaceOrientationPortraitUpsideDown UIInterfaceOrientationLandscapeLeft UIInterfaceOrientationLandscapeRight";
				INFOPLIST_KEY_UISupportedInterfaceOrientations_iPhone = "UIInterfaceOrientationPortrait UIInterfaceOrientationLandscapeLeft UIInterfaceOrientationLandscapeRight";
				IPHONEOS_DEPLOYMENT_TARGET = 14.0;
				LD_RUNPATH_SEARCH_PATHS = (
					"$(inherited)",
					"@executable_path/Frameworks",
				);
				MARKETING_VERSION = 1.0;
				PRODUCT_BUNDLE_IDENTIFIER = com.synchronoss.TableViewDemo;
				PRODUCT_NAME = "$(TARGET_NAME)";
				SWIFT_EMIT_LOC_STRINGS = YES;
				SWIFT_VERSION = 5.0;
				TARGETED_DEVICE_FAMILY = "1,2";
			};
			name = Release;
		};
/* End XCBuildConfiguration section */

/* Begin XCConfigurationList section */
		84FF408828D193CF00C9D82F /* Build configuration list for PBXProject "TableViewDemo" */ = {
			isa = XCConfigurationList;
			buildConfigurations = (
				84FF409F28D193D300C9D82F /* Debug */,
				84FF40A028D193D300C9D82F /* Release */,
			);
			defaultConfigurationIsVisible = 0;
			defaultConfigurationName = Release;
		};
		84FF40A128D193D300C9D82F /* Build configuration list for PBXNativeTarget "TableViewDemo" */ = {
			isa = XCConfigurationList;
			buildConfigurations = (
				84FF40A228D193D300C9D82F /* Debug */,
				84FF40A328D193D300C9D82F /* Release */,
			);
			defaultConfigurationIsVisible = 0;
			defaultConfigurationName = Release;
		};
/* End XCConfigurationList section */
	};
	rootObject = 84FF408528D193CF00C9D82F /* Project object */;
}
